
Microsoft Visual Studio Solution File, Format Version 12.00
# Visual Studio 15
VisualStudioVersion = 15.0.28307.1433
MinimumVisualStudioVersion = 10.0.40219.1
Project("{FAE04EC0-301F-11D3-BF4B-00C04F79EFBC}") = "СУБД Гостиница", "СУБД Гостиница\СУБД Гостиница.csproj", "{79D2D58F-A200-48CA-8B90-74E2E7D842CB}"
EndProject
Global
	GlobalSection(SolutionConfigurationPlatforms) = preSolution
		Debug|Any CPU = Debug|Any CPU
		Release|Any CPU = Release|Any CPU
	EndGlobalSection
	GlobalSection(ProjectConfigurationPlatforms) = postSolution
		{79D2D58F-A200-48CA-8B90-74E2E7D842CB}.Debug|Any CPU.ActiveCfg = Debug|Any CPU
		{79D2D58F-A200-48CA-8B90-74E2E7D842CB}.Debug|Any CPU.Build.0 = Debug|Any CPU
		{79D2D58F-A200-48CA-8B90-74E2E7D842CB}.Release|Any CPU.ActiveCfg = Release|Any CPU
		{79D2D58F-A200-48CA-8B90-74E2E7D842CB}.Release|Any CPU.Build.0 = Release|Any CPU
	EndGlobalSection
	GlobalSection(SolutionProperties) = preSolution
		HideSolutionNode = FALSE
	EndGlobalSection
	GlobalSection(ExtensibilityGlobals) = postSolution
		SolutionGuid = {DB7F82BE-85B8-487A-BF21-042AB406B8F1}
	EndGlobalSection
EndGlobal
